
Microsoft Visual Studio Solution File, Format Version 12.00
# Visual Studio Version 17
VisualStudioVersion = 17.9.34723.18
MinimumVisualStudioVersion = 10.0.40219.1
Project("{FAE04EC0-301F-11D3-BF4B-00C04F79EFBC}") = "Codility", "Codility\Codility.csproj", "{663FD574-99BF-419D-88A2-A58C3BFE3C9D}"
EndProject
Global
	GlobalSection(SolutionConfigurationPlatforms) = preSolution
		Debug|Any CPU = Debug|Any CPU
		Release|Any CPU = Release|Any CPU
	EndGlobalSection
	GlobalSection(ProjectConfigurationPlatforms) = postSolution
		{663FD574-99BF-419D-88A2-A58C3BFE3C9D}.Debug|Any CPU.ActiveCfg = Debug|Any CPU
		{663FD574-99BF-419D-88A2-A58C3BFE3C9D}.Debug|Any CPU.Build.0 = Debug|Any CPU
		{663FD574-99BF-419D-88A2-A58C3BFE3C9D}.Release|Any CPU.ActiveCfg = Release|Any CPU
		{663FD574-99BF-419D-88A2-A58C3BFE3C9D}.Release|Any CPU.Build.0 = Release|Any CPU
	EndGlobalSection
	GlobalSection(SolutionProperties) = preSolution
		HideSolutionNode = FALSE
	EndGlobalSection
	GlobalSection(ExtensibilityGlobals) = postSolution
		SolutionGuid = {42C01DF1-03DD-456C-ABC4-4E209886AB8D}
	EndGlobalSection
EndGlobal
