
Microsoft Visual Studio Solution File, Format Version 12.00
# Visual Studio Version 17
VisualStudioVersion = 17.9.34728.123
MinimumVisualStudioVersion = 10.0.40219.1
Project("{FAE04EC0-301F-11D3-BF4B-00C04F79EFBC}") = "PizzaCodeFirst", "PizzaCodeFirst\PizzaCodeFirst.csproj", "{83E7BAF4-0000-472C-973C-352DB88DF272}"
EndProject
Global
	GlobalSection(SolutionConfigurationPlatforms) = preSolution
		Debug|Any CPU = Debug|Any CPU
		Release|Any CPU = Release|Any CPU
	EndGlobalSection
	GlobalSection(ProjectConfigurationPlatforms) = postSolution
		{83E7BAF4-0000-472C-973C-352DB88DF272}.Debug|Any CPU.ActiveCfg = Debug|Any CPU
		{83E7BAF4-0000-472C-973C-352DB88DF272}.Debug|Any CPU.Build.0 = Debug|Any CPU
		{83E7BAF4-0000-472C-973C-352DB88DF272}.Release|Any CPU.ActiveCfg = Release|Any CPU
		{83E7BAF4-0000-472C-973C-352DB88DF272}.Release|Any CPU.Build.0 = Release|Any CPU
	EndGlobalSection
	GlobalSection(SolutionProperties) = preSolution
		HideSolutionNode = FALSE
	EndGlobalSection
	GlobalSection(ExtensibilityGlobals) = postSolution
		SolutionGuid = {C7D5A9EE-844E-46F2-BF4F-03676F52AAA6}
	EndGlobalSection
EndGlobal
