
Microsoft Visual Studio Solution File, Format Version 12.00
# Visual Studio Version 17
VisualStudioVersion = 17.9.34728.123
MinimumVisualStudioVersion = 10.0.40219.1
Project("{FAE04EC0-301F-11D3-BF4B-00C04F79EFBC}") = "EmployeeTracker", "EmployeeTracker\EmployeeTracker.csproj", "{E40E05E1-7DB1-4573-A25F-33AB9DFE8F27}"
EndProject
Project("{FAE04EC0-301F-11D3-BF4B-00C04F79EFBC}") = "EmployeeTrackerModelLibrary", "EmployeeTrackerModelLibrary\EmployeeTrackerModelLibrary.csproj", "{68CD5D2D-CA4F-4FE7-B243-44F742E6362C}"
EndProject
Global
	GlobalSection(SolutionConfigurationPlatforms) = preSolution
		Debug|Any CPU = Debug|Any CPU
		Release|Any CPU = Release|Any CPU
	EndGlobalSection
	GlobalSection(ProjectConfigurationPlatforms) = postSolution
		{E40E05E1-7DB1-4573-A25F-33AB9DFE8F27}.Debug|Any CPU.ActiveCfg = Debug|Any CPU
		{E40E05E1-7DB1-4573-A25F-33AB9DFE8F27}.Debug|Any CPU.Build.0 = Debug|Any CPU
		{E40E05E1-7DB1-4573-A25F-33AB9DFE8F27}.Release|Any CPU.ActiveCfg = Release|Any CPU
		{E40E05E1-7DB1-4573-A25F-33AB9DFE8F27}.Release|Any CPU.Build.0 = Release|Any CPU
		{68CD5D2D-CA4F-4FE7-B243-44F742E6362C}.Debug|Any CPU.ActiveCfg = Debug|Any CPU
		{68CD5D2D-CA4F-4FE7-B243-44F742E6362C}.Debug|Any CPU.Build.0 = Debug|Any CPU
		{68CD5D2D-CA4F-4FE7-B243-44F742E6362C}.Release|Any CPU.ActiveCfg = Release|Any CPU
		{68CD5D2D-CA4F-4FE7-B243-44F742E6362C}.Release|Any CPU.Build.0 = Release|Any CPU
	EndGlobalSection
	GlobalSection(SolutionProperties) = preSolution
		HideSolutionNode = FALSE
	EndGlobalSection
	GlobalSection(ExtensibilityGlobals) = postSolution
		SolutionGuid = {B4204520-63CC-4DAF-8D8D-28E96691A9F0}
	EndGlobalSection
EndGlobal
