
Microsoft Visual Studio Solution File, Format Version 12.00
# Visual Studio Version 17
VisualStudioVersion = 17.9.34723.18
MinimumVisualStudioVersion = 10.0.40219.1
Project("{FAE04EC0-301F-11D3-BF4B-00C04F79EFBC}") = "ASPNETrazorpage", "ASPNETrazorpage\ASPNETrazorpage.csproj", "{CD9DE5B6-8E75-4B37-89A1-2C2DD6E6EF72}"
EndProject
Global
	GlobalSection(SolutionConfigurationPlatforms) = preSolution
		Debug|Any CPU = Debug|Any CPU
		Release|Any CPU = Release|Any CPU
	EndGlobalSection
	GlobalSection(ProjectConfigurationPlatforms) = postSolution
		{CD9DE5B6-8E75-4B37-89A1-2C2DD6E6EF72}.Debug|Any CPU.ActiveCfg = Debug|Any CPU
		{CD9DE5B6-8E75-4B37-89A1-2C2DD6E6EF72}.Debug|Any CPU.Build.0 = Debug|Any CPU
		{CD9DE5B6-8E75-4B37-89A1-2C2DD6E6EF72}.Release|Any CPU.ActiveCfg = Release|Any CPU
		{CD9DE5B6-8E75-4B37-89A1-2C2DD6E6EF72}.Release|Any CPU.Build.0 = Release|Any CPU
	EndGlobalSection
	GlobalSection(SolutionProperties) = preSolution
		HideSolutionNode = FALSE
	EndGlobalSection
	GlobalSection(ExtensibilityGlobals) = postSolution
		SolutionGuid = {87B5B4B0-C773-4AEA-8662-47C2CDB26707}
	EndGlobalSection
EndGlobal
